// !$*UTF8*$!
{
	archiveVersion = 1;
	classes = {
	};
	objectVersion = 56;
	objects = {

/* Begin PBXBuildFile section */
		12727C692C78F88D00FD1C91 /* Buttons.swift in Sources */ = {isa = PBXBuildFile; fileRef = 12727C682C78F88D00FD1C91 /* Buttons.swift */; };
		12727C6B2C78F8BD00FD1C91 /* Chips.swift in Sources */ = {isa = PBXBuildFile; fileRef = 12727C6A2C78F8BD00FD1C91 /* Chips.swift */; };
		12727C702C79002E00FD1C91 /* Comments.swift in Sources */ = {isa = PBXBuildFile; fileRef = 12727C6F2C79002E00FD1C91 /* Comments.swift */; };
		12727C722C7933A500FD1C91 /* FeedManager.swift in Sources */ = {isa = PBXBuildFile; fileRef = 12727C712C7933A500FD1C91 /* FeedManager.swift */; };
		12727C752C79A15600FD1C91 /* DataManager.swift in Sources */ = {isa = PBXBuildFile; fileRef = 12727C742C79A15600FD1C91 /* DataManager.swift */; };
		12773BC42C7D0D4F00C6E037 /* FilterManager.swift in Sources */ = {isa = PBXBuildFile; fileRef = 12773BC32C7D0D4F00C6E037 /* FilterManager.swift */; };
		12773BC62C7D0FE500C6E037 /* Icons.swift in Sources */ = {isa = PBXBuildFile; fileRef = 12773BC52C7D0FE500C6E037 /* Icons.swift */; };
		12773BD02C7D509B00C6E037 /* MockDataSource.swift in Sources */ = {isa = PBXBuildFile; fileRef = 12773BCF2C7D509B00C6E037 /* MockDataSource.swift */; };
		12A72EF32C77D85A00865382 /* projectcivitasApp.swift in Sources */ = {isa = PBXBuildFile; fileRef = 12A72EF22C77D85A00865382 /* projectcivitasApp.swift */; };
		12A72EF52C77D85A00865382 /* ContentView.swift in Sources */ = {isa = PBXBuildFile; fileRef = 12A72EF42C77D85A00865382 /* ContentView.swift */; };
		12A72EF72C77D85B00865382 /* Assets.xcassets in Resources */ = {isa = PBXBuildFile; fileRef = 12A72EF62C77D85B00865382 /* Assets.xcassets */; };
		12A72EFA2C77D85B00865382 /* Preview Assets.xcassets in Resources */ = {isa = PBXBuildFile; fileRef = 12A72EF92C77D85B00865382 /* Preview Assets.xcassets */; };
		12A72F042C77D85B00865382 /* projectcivitasTests.swift in Sources */ = {isa = PBXBuildFile; fileRef = 12A72F032C77D85B00865382 /* projectcivitasTests.swift */; };
		12C5CDAA2C80F10E0043778E /* BillViews.swift in Sources */ = {isa = PBXBuildFile; fileRef = 12C5CDA92C80F10E0043778E /* BillViews.swift */; };
		12C5CDAC2C80F6B60043778E /* BillDetailViewModel.swift in Sources */ = {isa = PBXBuildFile; fileRef = 12C5CDAB2C80F6B60043778E /* BillDetailViewModel.swift */; };
		12C5CDAF2C80F7970043778E /* DataManagerTests.swift in Sources */ = {isa = PBXBuildFile; fileRef = 12C5CDAE2C80F7970043778E /* DataManagerTests.swift */; };
		12C5CDB32C80F8B00043778E /* TestMocks.swift in Sources */ = {isa = PBXBuildFile; fileRef = 12C5CDB22C80F8B00043778E /* TestMocks.swift */; };
		12C5CDB52C8118D30043778E /* VoteManagerTests.swift in Sources */ = {isa = PBXBuildFile; fileRef = 12C5CDB42C8118D30043778E /* VoteManagerTests.swift */; };
		12D4CC0E2C780BA30099D272 /* Colors.swift in Sources */ = {isa = PBXBuildFile; fileRef = 12D4CC0D2C780BA30099D272 /* Colors.swift */; };
		12D4CC102C780BF00099D272 /* Models.swift in Sources */ = {isa = PBXBuildFile; fileRef = 12D4CC0F2C780BF00099D272 /* Models.swift */; };
		12D4CC122C780E600099D272 /* VoteManager.swift in Sources */ = {isa = PBXBuildFile; fileRef = 12D4CC112C780E600099D272 /* VoteManager.swift */; };
		12D4CC142C780EAC0099D272 /* Filters.swift in Sources */ = {isa = PBXBuildFile; fileRef = 12D4CC132C780EAC0099D272 /* Filters.swift */; };
		12F54F5E2C7840040023E67F /* SettingsManager.swift in Sources */ = {isa = PBXBuildFile; fileRef = 12F54F5D2C7840040023E67F /* SettingsManager.swift */; };
/* End PBXBuildFile section */

/* Begin PBXContainerItemProxy section */
		12A72F002C77D85B00865382 /* PBXContainerItemProxy */ = {
			isa = PBXContainerItemProxy;
			containerPortal = 12A72EE72C77D85A00865382 /* Project object */;
			proxyType = 1;
			remoteGlobalIDString = 12A72EEE2C77D85A00865382;
			remoteInfo = projectcivitas;
		};
/* End PBXContainerItemProxy section */

/* Begin PBXFileReference section */
		12727C682C78F88D00FD1C91 /* Buttons.swift */ = {isa = PBXFileReference; lastKnownFileType = sourcecode.swift; path = Buttons.swift; sourceTree = "<group>"; };
		12727C6A2C78F8BD00FD1C91 /* Chips.swift */ = {isa = PBXFileReference; lastKnownFileType = sourcecode.swift; path = Chips.swift; sourceTree = "<group>"; };
		12727C6F2C79002E00FD1C91 /* Comments.swift */ = {isa = PBXFileReference; lastKnownFileType = sourcecode.swift; path = Comments.swift; sourceTree = "<group>"; };
		12727C712C7933A500FD1C91 /* FeedManager.swift */ = {isa = PBXFileReference; lastKnownFileType = sourcecode.swift; path = FeedManager.swift; sourceTree = "<group>"; };
		12727C742C79A15600FD1C91 /* DataManager.swift */ = {isa = PBXFileReference; lastKnownFileType = sourcecode.swift; path = DataManager.swift; sourceTree = "<group>"; };
		12773BC32C7D0D4F00C6E037 /* FilterManager.swift */ = {isa = PBXFileReference; lastKnownFileType = sourcecode.swift; path = FilterManager.swift; sourceTree = "<group>"; };
		12773BC52C7D0FE500C6E037 /* Icons.swift */ = {isa = PBXFileReference; lastKnownFileType = sourcecode.swift; path = Icons.swift; sourceTree = "<group>"; };
		12773BCF2C7D509B00C6E037 /* MockDataSource.swift */ = {isa = PBXFileReference; lastKnownFileType = sourcecode.swift; path = MockDataSource.swift; sourceTree = "<group>"; };
		12A72EEF2C77D85A00865382 /* projectcivitas.app */ = {isa = PBXFileReference; explicitFileType = wrapper.application; includeInIndex = 0; path = projectcivitas.app; sourceTree = BUILT_PRODUCTS_DIR; };
		12A72EF22C77D85A00865382 /* projectcivitasApp.swift */ = {isa = PBXFileReference; lastKnownFileType = sourcecode.swift; path = projectcivitasApp.swift; sourceTree = "<group>"; };
		12A72EF42C77D85A00865382 /* ContentView.swift */ = {isa = PBXFileReference; lastKnownFileType = sourcecode.swift; path = ContentView.swift; sourceTree = "<group>"; };
		12A72EF62C77D85B00865382 /* Assets.xcassets */ = {isa = PBXFileReference; lastKnownFileType = folder.assetcatalog; path = Assets.xcassets; sourceTree = "<group>"; };
		12A72EF92C77D85B00865382 /* Preview Assets.xcassets */ = {isa = PBXFileReference; lastKnownFileType = folder.assetcatalog; path = "Preview Assets.xcassets"; sourceTree = "<group>"; };
		12A72EFF2C77D85B00865382 /* projectcivitasTests.xctest */ = {isa = PBXFileReference; explicitFileType = wrapper.cfbundle; includeInIndex = 0; path = projectcivitasTests.xctest; sourceTree = BUILT_PRODUCTS_DIR; };
		12A72F032C77D85B00865382 /* projectcivitasTests.swift */ = {isa = PBXFileReference; lastKnownFileType = sourcecode.swift; path = projectcivitasTests.swift; sourceTree = "<group>"; };
		12C5CDA92C80F10E0043778E /* BillViews.swift */ = {isa = PBXFileReference; lastKnownFileType = sourcecode.swift; name = BillViews.swift; path = projectcivitas/Views/BillViews.swift; sourceTree = SOURCE_ROOT; };
		12C5CDAB2C80F6B60043778E /* BillDetailViewModel.swift */ = {isa = PBXFileReference; lastKnownFileType = sourcecode.swift; path = BillDetailViewModel.swift; sourceTree = "<group>"; };
		12C5CDAE2C80F7970043778E /* DataManagerTests.swift */ = {isa = PBXFileReference; lastKnownFileType = sourcecode.swift; path = DataManagerTests.swift; sourceTree = "<group>"; };
		12C5CDB22C80F8B00043778E /* TestMocks.swift */ = {isa = PBXFileReference; lastKnownFileType = sourcecode.swift; path = TestMocks.swift; sourceTree = "<group>"; };
		12C5CDB42C8118D30043778E /* VoteManagerTests.swift */ = {isa = PBXFileReference; lastKnownFileType = sourcecode.swift; path = VoteManagerTests.swift; sourceTree = "<group>"; };
		12D4CC0D2C780BA30099D272 /* Colors.swift */ = {isa = PBXFileReference; lastKnownFileType = sourcecode.swift; path = Colors.swift; sourceTree = "<group>"; };
		12D4CC0F2C780BF00099D272 /* Models.swift */ = {isa = PBXFileReference; lastKnownFileType = sourcecode.swift; path = Models.swift; sourceTree = "<group>"; };
		12D4CC112C780E600099D272 /* VoteManager.swift */ = {isa = PBXFileReference; lastKnownFileType = sourcecode.swift; path = VoteManager.swift; sourceTree = "<group>"; };
		12D4CC132C780EAC0099D272 /* Filters.swift */ = {isa = PBXFileReference; lastKnownFileType = sourcecode.swift; path = Filters.swift; sourceTree = "<group>"; };
		12F54F5D2C7840040023E67F /* SettingsManager.swift */ = {isa = PBXFileReference; lastKnownFileType = sourcecode.swift; path = SettingsManager.swift; sourceTree = "<group>"; };
/* End PBXFileReference section */

/* Begin PBXFrameworksBuildPhase section */
		12A72EEC2C77D85A00865382 /* Frameworks */ = {
			isa = PBXFrameworksBuildPhase;
			buildActionMask = 2147483647;
			files = (
			);
			runOnlyForDeploymentPostprocessing = 0;
		};
		12A72EFC2C77D85B00865382 /* Frameworks */ = {
			isa = PBXFrameworksBuildPhase;
			buildActionMask = 2147483647;
			files = (
			);
			runOnlyForDeploymentPostprocessing = 0;
		};
/* End PBXFrameworksBuildPhase section */

/* Begin PBXGroup section */
		12727C652C78F81900FD1C91 /* App */ = {
			isa = PBXGroup;
			children = (
				12A72EF22C77D85A00865382 /* projectcivitasApp.swift */,
			);
			path = App;
			sourceTree = "<group>";
		};
		12727C672C78F86200FD1C91 /* Components */ = {
			isa = PBXGroup;
			children = (
				12727C682C78F88D00FD1C91 /* Buttons.swift */,
				12727C6A2C78F8BD00FD1C91 /* Chips.swift */,
				12D4CC132C780EAC0099D272 /* Filters.swift */,
				12727C6F2C79002E00FD1C91 /* Comments.swift */,
				12773BC52C7D0FE500C6E037 /* Icons.swift */,
			);
			path = Components;
			sourceTree = "<group>";
		};
		12727C6C2C78F9F900FD1C91 /* Resources */ = {
			isa = PBXGroup;
			children = (
				12A72EF62C77D85B00865382 /* Assets.xcassets */,
				12773BCF2C7D509B00C6E037 /* MockDataSource.swift */,
			);
			path = Resources;
			sourceTree = "<group>";
		};
		12727C6D2C78FA4D00FD1C91 /* Managers */ = {
			isa = PBXGroup;
			children = (
				12727C742C79A15600FD1C91 /* DataManager.swift */,
				12F54F5D2C7840040023E67F /* SettingsManager.swift */,
				12D4CC112C780E600099D272 /* VoteManager.swift */,
				12727C712C7933A500FD1C91 /* FeedManager.swift */,
				12773BC32C7D0D4F00C6E037 /* FilterManager.swift */,
			);
			path = Managers;
			sourceTree = "<group>";
		};
		12727C6E2C78FA7D00FD1C91 /* Styles */ = {
			isa = PBXGroup;
			children = (
				12D4CC0D2C780BA30099D272 /* Colors.swift */,
			);
			path = Styles;
			sourceTree = "<group>";
		};
		12A72EE62C77D85A00865382 = {
			isa = PBXGroup;
			children = (
				12A72EF12C77D85A00865382 /* projectcivitas */,
				12A72F022C77D85B00865382 /* projectcivitasTests */,
				12A72EF02C77D85A00865382 /* Products */,
			);
			sourceTree = "<group>";
		};
		12A72EF02C77D85A00865382 /* Products */ = {
			isa = PBXGroup;
			children = (
				12A72EEF2C77D85A00865382 /* projectcivitas.app */,
				12A72EFF2C77D85B00865382 /* projectcivitasTests.xctest */,
			);
			name = Products;
			sourceTree = "<group>";
		};
		12A72EF12C77D85A00865382 /* projectcivitas */ = {
			isa = PBXGroup;
			children = (
				12C5CDAD2C80F76B0043778E /* Views */,
				12C5CDA42C80BD8E0043778E /* ViewModels */,
				12A72EF42C77D85A00865382 /* ContentView.swift */,
				12D4CC0F2C780BF00099D272 /* Models.swift */,
				12727C652C78F81900FD1C91 /* App */,
				12727C672C78F86200FD1C91 /* Components */,
				12727C6D2C78FA4D00FD1C91 /* Managers */,
				12727C6C2C78F9F900FD1C91 /* Resources */,
				12727C6E2C78FA7D00FD1C91 /* Styles */,
				12A72EF82C77D85B00865382 /* Preview Content */,
			);
			path = projectcivitas;
			sourceTree = "<group>";
		};
		12A72EF82C77D85B00865382 /* Preview Content */ = {
			isa = PBXGroup;
			children = (
				12A72EF92C77D85B00865382 /* Preview Assets.xcassets */,
			);
			path = "Preview Content";
			sourceTree = "<group>";
		};
		12A72F022C77D85B00865382 /* projectcivitasTests */ = {
			isa = PBXGroup;
			children = (
				12A72F032C77D85B00865382 /* projectcivitasTests.swift */,
				12C5CDAE2C80F7970043778E /* DataManagerTests.swift */,
				12C5CDB22C80F8B00043778E /* TestMocks.swift */,
				12C5CDB42C8118D30043778E /* VoteManagerTests.swift */,
			);
			path = projectcivitasTests;
			sourceTree = "<group>";
		};
		12C5CDA42C80BD8E0043778E /* ViewModels */ = {
			isa = PBXGroup;
			children = (
				12C5CDAB2C80F6B60043778E /* BillDetailViewModel.swift */,
			);
			path = ViewModels;
			sourceTree = "<group>";
		};
		12C5CDAD2C80F76B0043778E /* Views */ = {
			isa = PBXGroup;
			children = (
				12C5CDA92C80F10E0043778E /* BillViews.swift */,
			);
			path = Views;
			sourceTree = "<group>";
		};
/* End PBXGroup section */

/* Begin PBXNativeTarget section */
		12A72EEE2C77D85A00865382 /* projectcivitas */ = {
			isa = PBXNativeTarget;
			buildConfigurationList = 12A72F132C77D85B00865382 /* Build configuration list for PBXNativeTarget "projectcivitas" */;
			buildPhases = (
				12A72EEB2C77D85A00865382 /* Sources */,
				12A72EEC2C77D85A00865382 /* Frameworks */,
				12A72EED2C77D85A00865382 /* Resources */,
			);
			buildRules = (
			);
			dependencies = (
			);
			name = projectcivitas;
			productName = projectcivitas;
			productReference = 12A72EEF2C77D85A00865382 /* projectcivitas.app */;
			productType = "com.apple.product-type.application";
		};
		12A72EFE2C77D85B00865382 /* projectcivitasTests */ = {
			isa = PBXNativeTarget;
			buildConfigurationList = 12A72F162C77D85B00865382 /* Build configuration list for PBXNativeTarget "projectcivitasTests" */;
			buildPhases = (
				12A72EFB2C77D85B00865382 /* Sources */,
				12A72EFC2C77D85B00865382 /* Frameworks */,
				12A72EFD2C77D85B00865382 /* Resources */,
			);
			buildRules = (
			);
			dependencies = (
				12A72F012C77D85B00865382 /* PBXTargetDependency */,
			);
			name = projectcivitasTests;
			productName = projectcivitasTests;
			productReference = 12A72EFF2C77D85B00865382 /* projectcivitasTests.xctest */;
			productType = "com.apple.product-type.bundle.unit-test";
		};
/* End PBXNativeTarget section */

/* Begin PBXProject section */
		12A72EE72C77D85A00865382 /* Project object */ = {
			isa = PBXProject;
			attributes = {
				BuildIndependentTargetsInParallel = 1;
				LastSwiftUpdateCheck = 1540;
				LastUpgradeCheck = 1540;
				TargetAttributes = {
					12A72EEE2C77D85A00865382 = {
						CreatedOnToolsVersion = 15.4;
					};
					12A72EFE2C77D85B00865382 = {
						CreatedOnToolsVersion = 15.4;
						TestTargetID = 12A72EEE2C77D85A00865382;
					};
				};
			};
			buildConfigurationList = 12A72EEA2C77D85A00865382 /* Build configuration list for PBXProject "projectcivitas" */;
			compatibilityVersion = "Xcode 14.0";
			developmentRegion = en;
			hasScannedForEncodings = 0;
			knownRegions = (
				en,
				Base,
			);
			mainGroup = 12A72EE62C77D85A00865382;
			productRefGroup = 12A72EF02C77D85A00865382 /* Products */;
			projectDirPath = "";
			projectRoot = "";
			targets = (
				12A72EEE2C77D85A00865382 /* projectcivitas */,
				12A72EFE2C77D85B00865382 /* projectcivitasTests */,
			);
		};
/* End PBXProject section */

/* Begin PBXResourcesBuildPhase section */
		12A72EED2C77D85A00865382 /* Resources */ = {
			isa = PBXResourcesBuildPhase;
			buildActionMask = 2147483647;
			files = (
				12A72EFA2C77D85B00865382 /* Preview Assets.xcassets in Resources */,
				12A72EF72C77D85B00865382 /* Assets.xcassets in Resources */,
			);
			runOnlyForDeploymentPostprocessing = 0;
		};
		12A72EFD2C77D85B00865382 /* Resources */ = {
			isa = PBXResourcesBuildPhase;
			buildActionMask = 2147483647;
			files = (
			);
			runOnlyForDeploymentPostprocessing = 0;
		};
/* End PBXResourcesBuildPhase section */

/* Begin PBXSourcesBuildPhase section */
		12A72EEB2C77D85A00865382 /* Sources */ = {
			isa = PBXSourcesBuildPhase;
			buildActionMask = 2147483647;
			files = (
				12D4CC142C780EAC0099D272 /* Filters.swift in Sources */,
				12D4CC0E2C780BA30099D272 /* Colors.swift in Sources */,
				12A72EF52C77D85A00865382 /* ContentView.swift in Sources */,
				12727C722C7933A500FD1C91 /* FeedManager.swift in Sources */,
				12773BD02C7D509B00C6E037 /* MockDataSource.swift in Sources */,
				12D4CC102C780BF00099D272 /* Models.swift in Sources */,
				12773BC42C7D0D4F00C6E037 /* FilterManager.swift in Sources */,
				12727C702C79002E00FD1C91 /* Comments.swift in Sources */,
				12A72EF32C77D85A00865382 /* projectcivitasApp.swift in Sources */,
				12C5CDAC2C80F6B60043778E /* BillDetailViewModel.swift in Sources */,
				12773BC62C7D0FE500C6E037 /* Icons.swift in Sources */,
				12727C6B2C78F8BD00FD1C91 /* Chips.swift in Sources */,
				12C5CDAA2C80F10E0043778E /* BillViews.swift in Sources */,
				12727C692C78F88D00FD1C91 /* Buttons.swift in Sources */,
				12D4CC122C780E600099D272 /* VoteManager.swift in Sources */,
				12727C752C79A15600FD1C91 /* DataManager.swift in Sources */,
				12F54F5E2C7840040023E67F /* SettingsManager.swift in Sources */,
			);
			runOnlyForDeploymentPostprocessing = 0;
		};
		12A72EFB2C77D85B00865382 /* Sources */ = {
			isa = PBXSourcesBuildPhase;
			buildActionMask = 2147483647;
			files = (
				12A72F042C77D85B00865382 /* projectcivitasTests.swift in Sources */,
				12C5CDB52C8118D30043778E /* VoteManagerTests.swift in Sources */,
				12C5CDAF2C80F7970043778E /* DataManagerTests.swift in Sources */,
				12C5CDB32C80F8B00043778E /* TestMocks.swift in Sources */,
			);
			runOnlyForDeploymentPostprocessing = 0;
		};
/* End PBXSourcesBuildPhase section */

/* Begin PBXTargetDependency section */
		12A72F012C77D85B00865382 /* PBXTargetDependency */ = {
			isa = PBXTargetDependency;
			target = 12A72EEE2C77D85A00865382 /* projectcivitas */;
			targetProxy = 12A72F002C77D85B00865382 /* PBXContainerItemProxy */;
		};
/* End PBXTargetDependency section */

/* Begin XCBuildConfiguration section */
		12A72F112C77D85B00865382 /* Debug */ = {
			isa = XCBuildConfiguration;
			buildSettings = {
				ALWAYS_SEARCH_USER_PATHS = NO;
				ASSETCATALOG_COMPILER_GENERATE_SWIFT_ASSET_SYMBOL_EXTENSIONS = YES;
				CLANG_ANALYZER_NONNULL = YES;
				CLANG_ANALYZER_NUMBER_OBJECT_CONVERSION = YES_AGGRESSIVE;
				CLANG_CXX_LANGUAGE_STANDARD = "gnu++20";
				CLANG_ENABLE_MODULES = YES;
				CLANG_ENABLE_OBJC_ARC = YES;
				CLANG_ENABLE_OBJC_WEAK = YES;
				CLANG_WARN_BLOCK_CAPTURE_AUTORELEASING = YES;
				CLANG_WARN_BOOL_CONVERSION = YES;
				CLANG_WARN_COMMA = YES;
				CLANG_WARN_CONSTANT_CONVERSION = YES;
				CLANG_WARN_DEPRECATED_OBJC_IMPLEMENTATIONS = YES;
				CLANG_WARN_DIRECT_OBJC_ISA_USAGE = YES_ERROR;
				CLANG_WARN_DOCUMENTATION_COMMENTS = YES;
				CLANG_WARN_EMPTY_BODY = YES;
				CLANG_WARN_ENUM_CONVERSION = YES;
				CLANG_WARN_INFINITE_RECURSION = YES;
				CLANG_WARN_INT_CONVERSION = YES;
				CLANG_WARN_NON_LITERAL_NULL_CONVERSION = YES;
				CLANG_WARN_OBJC_IMPLICIT_RETAIN_SELF = YES;
				CLANG_WARN_OBJC_LITERAL_CONVERSION = YES;
				CLANG_WARN_OBJC_ROOT_CLASS = YES_ERROR;
				CLANG_WARN_QUOTED_INCLUDE_IN_FRAMEWORK_HEADER = YES;
				CLANG_WARN_RANGE_LOOP_ANALYSIS = YES;
				CLANG_WARN_STRICT_PROTOTYPES = YES;
				CLANG_WARN_SUSPICIOUS_MOVE = YES;
				CLANG_WARN_UNGUARDED_AVAILABILITY = YES_AGGRESSIVE;
				CLANG_WARN_UNREACHABLE_CODE = YES;
				CLANG_WARN__DUPLICATE_METHOD_MATCH = YES;
				COPY_PHASE_STRIP = NO;
				DEBUG_INFORMATION_FORMAT = dwarf;
				ENABLE_STRICT_OBJC_MSGSEND = YES;
				ENABLE_TESTABILITY = YES;
				ENABLE_USER_SCRIPT_SANDBOXING = YES;
				GCC_C_LANGUAGE_STANDARD = gnu17;
				GCC_DYNAMIC_NO_PIC = NO;
				GCC_NO_COMMON_BLOCKS = YES;
				GCC_OPTIMIZATION_LEVEL = 0;
				GCC_PREPROCESSOR_DEFINITIONS = (
					"DEBUG=1",
					"$(inherited)",
				);
				GCC_WARN_64_TO_32_BIT_CONVERSION = YES;
				GCC_WARN_ABOUT_RETURN_TYPE = YES_ERROR;
				GCC_WARN_UNDECLARED_SELECTOR = YES;
				GCC_WARN_UNINITIALIZED_AUTOS = YES_AGGRESSIVE;
				GCC_WARN_UNUSED_FUNCTION = YES;
				GCC_WARN_UNUSED_VARIABLE = YES;
				IPHONEOS_DEPLOYMENT_TARGET = 17.5;
				LOCALIZATION_PREFERS_STRING_CATALOGS = YES;
				MTL_ENABLE_DEBUG_INFO = INCLUDE_SOURCE;
				MTL_FAST_MATH = YES;
				ONLY_ACTIVE_ARCH = YES;
				SDKROOT = iphoneos;
				SWIFT_ACTIVE_COMPILATION_CONDITIONS = "DEBUG $(inherited)";
				SWIFT_OPTIMIZATION_LEVEL = "-Onone";
			};
			name = Debug;
		};
		12A72F122C77D85B00865382 /* Release */ = {
			isa = XCBuildConfiguration;
			buildSettings = {
				ALWAYS_SEARCH_USER_PATHS = NO;
				ASSETCATALOG_COMPILER_GENERATE_SWIFT_ASSET_SYMBOL_EXTENSIONS = YES;
				CLANG_ANALYZER_NONNULL = YES;
				CLANG_ANALYZER_NUMBER_OBJECT_CONVERSION = YES_AGGRESSIVE;
				CLANG_CXX_LANGUAGE_STANDARD = "gnu++20";
				CLANG_ENABLE_MODULES = YES;
				CLANG_ENABLE_OBJC_ARC = YES;
				CLANG_ENABLE_OBJC_WEAK = YES;
				CLANG_WARN_BLOCK_CAPTURE_AUTORELEASING = YES;
				CLANG_WARN_BOOL_CONVERSION = YES;
				CLANG_WARN_COMMA = YES;
				CLANG_WARN_CONSTANT_CONVERSION = YES;
				CLANG_WARN_DEPRECATED_OBJC_IMPLEMENTATIONS = YES;
				CLANG_WARN_DIRECT_OBJC_ISA_USAGE = YES_ERROR;
				CLANG_WARN_DOCUMENTATION_COMMENTS = YES;
				CLANG_WARN_EMPTY_BODY = YES;
				CLANG_WARN_ENUM_CONVERSION = YES;
				CLANG_WARN_INFINITE_RECURSION = YES;
				CLANG_WARN_INT_CONVERSION = YES;
				CLANG_WARN_NON_LITERAL_NULL_CONVERSION = YES;
				CLANG_WARN_OBJC_IMPLICIT_RETAIN_SELF = YES;
				CLANG_WARN_OBJC_LITERAL_CONVERSION = YES;
				CLANG_WARN_OBJC_ROOT_CLASS = YES_ERROR;
				CLANG_WARN_QUOTED_INCLUDE_IN_FRAMEWORK_HEADER = YES;
				CLANG_WARN_RANGE_LOOP_ANALYSIS = YES;
				CLANG_WARN_STRICT_PROTOTYPES = YES;
				CLANG_WARN_SUSPICIOUS_MOVE = YES;
				CLANG_WARN_UNGUARDED_AVAILABILITY = YES_AGGRESSIVE;
				CLANG_WARN_UNREACHABLE_CODE = YES;
				CLANG_WARN__DUPLICATE_METHOD_MATCH = YES;
				COPY_PHASE_STRIP = NO;
				DEBUG_INFORMATION_FORMAT = "dwarf-with-dsym";
				ENABLE_NS_ASSERTIONS = NO;
				ENABLE_STRICT_OBJC_MSGSEND = YES;
				ENABLE_USER_SCRIPT_SANDBOXING = YES;
				GCC_C_LANGUAGE_STANDARD = gnu17;
				GCC_NO_COMMON_BLOCKS = YES;
				GCC_WARN_64_TO_32_BIT_CONVERSION = YES;
				GCC_WARN_ABOUT_RETURN_TYPE = YES_ERROR;
				GCC_WARN_UNDECLARED_SELECTOR = YES;
				GCC_WARN_UNINITIALIZED_AUTOS = YES_AGGRESSIVE;
				GCC_WARN_UNUSED_FUNCTION = YES;
				GCC_WARN_UNUSED_VARIABLE = YES;
				IPHONEOS_DEPLOYMENT_TARGET = 17.5;
				LOCALIZATION_PREFERS_STRING_CATALOGS = YES;
				MTL_ENABLE_DEBUG_INFO = NO;
				MTL_FAST_MATH = YES;
				SDKROOT = iphoneos;
				SWIFT_COMPILATION_MODE = wholemodule;
				VALIDATE_PRODUCT = YES;
			};
			name = Release;
		};
		12A72F142C77D85B00865382 /* Debug */ = {
			isa = XCBuildConfiguration;
			buildSettings = {
				ASSETCATALOG_COMPILER_APPICON_NAME = AppIcon;
				ASSETCATALOG_COMPILER_GLOBAL_ACCENT_COLOR_NAME = AccentColor;
				CODE_SIGN_STYLE = Automatic;
				CURRENT_PROJECT_VERSION = 1;
				DEVELOPMENT_ASSET_PATHS = "\"projectcivitas/Preview Content\"";
				ENABLE_PREVIEWS = YES;
				GENERATE_INFOPLIST_FILE = YES;
				INFOPLIST_KEY_UIApplicationSceneManifest_Generation = YES;
				INFOPLIST_KEY_UIApplicationSupportsIndirectInputEvents = YES;
				INFOPLIST_KEY_UILaunchScreen_Generation = YES;
				INFOPLIST_KEY_UISupportedInterfaceOrientations_iPad = "UIInterfaceOrientationPortrait UIInterfaceOrientationPortraitUpsideDown UIInterfaceOrientationLandscapeLeft UIInterfaceOrientationLandscapeRight";
				INFOPLIST_KEY_UISupportedInterfaceOrientations_iPhone = "UIInterfaceOrientationPortrait UIInterfaceOrientationLandscapeLeft UIInterfaceOrientationLandscapeRight";
				LD_RUNPATH_SEARCH_PATHS = (
					"$(inherited)",
					"@executable_path/Frameworks",
				);
				MARKETING_VERSION = 1.0;
				PRODUCT_BUNDLE_IDENTIFIER = projectcivitas.projectcivitas;
				PRODUCT_NAME = "$(TARGET_NAME)";
				SWIFT_EMIT_LOC_STRINGS = YES;
				SWIFT_VERSION = 5.0;
				TARGETED_DEVICE_FAMILY = "1,2";
			};
			name = Debug;
		};
		12A72F152C77D85B00865382 /* Release */ = {
			isa = XCBuildConfiguration;
			buildSettings = {
				ASSETCATALOG_COMPILER_APPICON_NAME = AppIcon;
				ASSETCATALOG_COMPILER_GLOBAL_ACCENT_COLOR_NAME = AccentColor;
				CODE_SIGN_STYLE = Automatic;
				CURRENT_PROJECT_VERSION = 1;
				DEVELOPMENT_ASSET_PATHS = "\"projectcivitas/Preview Content\"";
				ENABLE_PREVIEWS = YES;
				GENERATE_INFOPLIST_FILE = YES;
				INFOPLIST_KEY_UIApplicationSceneManifest_Generation = YES;
				INFOPLIST_KEY_UIApplicationSupportsIndirectInputEvents = YES;
				INFOPLIST_KEY_UILaunchScreen_Generation = YES;
				INFOPLIST_KEY_UISupportedInterfaceOrientations_iPad = "UIInterfaceOrientationPortrait UIInterfaceOrientationPortraitUpsideDown UIInterfaceOrientationLandscapeLeft UIInterfaceOrientationLandscapeRight";
				INFOPLIST_KEY_UISupportedInterfaceOrientations_iPhone = "UIInterfaceOrientationPortrait UIInterfaceOrientationLandscapeLeft UIInterfaceOrientationLandscapeRight";
				LD_RUNPATH_SEARCH_PATHS = (
					"$(inherited)",
					"@executable_path/Frameworks",
				);
				MARKETING_VERSION = 1.0;
				PRODUCT_BUNDLE_IDENTIFIER = projectcivitas.projectcivitas;
				PRODUCT_NAME = "$(TARGET_NAME)";
				SWIFT_EMIT_LOC_STRINGS = YES;
				SWIFT_VERSION = 5.0;
				TARGETED_DEVICE_FAMILY = "1,2";
			};
			name = Release;
		};
		12A72F172C77D85B00865382 /* Debug */ = {
			isa = XCBuildConfiguration;
			buildSettings = {
				ALWAYS_EMBED_SWIFT_STANDARD_LIBRARIES = YES;
				BUNDLE_LOADER = "$(TEST_HOST)";
				CODE_SIGN_STYLE = Automatic;
				CURRENT_PROJECT_VERSION = 1;
				GENERATE_INFOPLIST_FILE = YES;
				IPHONEOS_DEPLOYMENT_TARGET = 17.5;
				MARKETING_VERSION = 1.0;
				PRODUCT_BUNDLE_IDENTIFIER = projectcivitas.projectcivitasTests;
				PRODUCT_NAME = "$(TARGET_NAME)";
				SWIFT_EMIT_LOC_STRINGS = NO;
				SWIFT_VERSION = 5.0;
				TARGETED_DEVICE_FAMILY = "1,2";
				TEST_HOST = "$(BUILT_PRODUCTS_DIR)/projectcivitas.app/$(BUNDLE_EXECUTABLE_FOLDER_PATH)/projectcivitas";
			};
			name = Debug;
		};
		12A72F182C77D85B00865382 /* Release */ = {
			isa = XCBuildConfiguration;
			buildSettings = {
				ALWAYS_EMBED_SWIFT_STANDARD_LIBRARIES = YES;
				BUNDLE_LOADER = "$(TEST_HOST)";
				CODE_SIGN_STYLE = Automatic;
				CURRENT_PROJECT_VERSION = 1;
				GENERATE_INFOPLIST_FILE = YES;
				IPHONEOS_DEPLOYMENT_TARGET = 17.5;
				MARKETING_VERSION = 1.0;
				PRODUCT_BUNDLE_IDENTIFIER = projectcivitas.projectcivitasTests;
				PRODUCT_NAME = "$(TARGET_NAME)";
				SWIFT_EMIT_LOC_STRINGS = NO;
				SWIFT_VERSION = 5.0;
				TARGETED_DEVICE_FAMILY = "1,2";
				TEST_HOST = "$(BUILT_PRODUCTS_DIR)/projectcivitas.app/$(BUNDLE_EXECUTABLE_FOLDER_PATH)/projectcivitas";
			};
			name = Release;
		};
/* End XCBuildConfiguration section */

/* Begin XCConfigurationList section */
		12A72EEA2C77D85A00865382 /* Build configuration list for PBXProject "projectcivitas" */ = {
			isa = XCConfigurationList;
			buildConfigurations = (
				12A72F112C77D85B00865382 /* Debug */,
				12A72F122C77D85B00865382 /* Release */,
			);
			defaultConfigurationIsVisible = 0;
			defaultConfigurationName = Release;
		};
		12A72F132C77D85B00865382 /* Build configuration list for PBXNativeTarget "projectcivitas" */ = {
			isa = XCConfigurationList;
			buildConfigurations = (
				12A72F142C77D85B00865382 /* Debug */,
				12A72F152C77D85B00865382 /* Release */,
			);
			defaultConfigurationIsVisible = 0;
			defaultConfigurationName = Release;
		};
		12A72F162C77D85B00865382 /* Build configuration list for PBXNativeTarget "projectcivitasTests" */ = {
			isa = XCConfigurationList;
			buildConfigurations = (
				12A72F172C77D85B00865382 /* Debug */,
				12A72F182C77D85B00865382 /* Release */,
			);
			defaultConfigurationIsVisible = 0;
			defaultConfigurationName = Release;
		};
/* End XCConfigurationList section */
	};
	rootObject = 12A72EE72C77D85A00865382 /* Project object */;
}
